// !$*UTF8*$!
{
	archiveVersion = 1;
	classes = {
	};
	objectVersion = 56;
	objects = {

/* Begin PBXBuildFile section */
		097E82322C0E4091003CD13C /* FriendModel.swift in Sources */ = {isa = PBXBuildFile; fileRef = 097E82312C0E4091003CD13C /* FriendModel.swift */; };
		097E823A2C0E44EE003CD13C /* Kurs3Tests.swift in Sources */ = {isa = PBXBuildFile; fileRef = 097E82392C0E44EE003CD13C /* Kurs3Tests.swift */; };
		B89FCFD22BA8DE150035B6B9 /* Kurs3App.swift in Sources */ = {isa = PBXBuildFile; fileRef = B89FCFD12BA8DE150035B6B9 /* Kurs3App.swift */; };
		B89FCFD42BA8DE150035B6B9 /* ContentView.swift in Sources */ = {isa = PBXBuildFile; fileRef = B89FCFD32BA8DE150035B6B9 /* ContentView.swift */; };
		B89FCFD62BA8DE170035B6B9 /* Assets.xcassets in Resources */ = {isa = PBXBuildFile; fileRef = B89FCFD52BA8DE170035B6B9 /* Assets.xcassets */; };
		B89FCFD92BA8DE170035B6B9 /* Preview Assets.xcassets in Resources */ = {isa = PBXBuildFile; fileRef = B89FCFD82BA8DE170035B6B9 /* Preview Assets.xcassets */; };
		B89FCFE32BBEBD9D0035B6B9 /* ProfilePageView.swift in Sources */ = {isa = PBXBuildFile; fileRef = B89FCFE22BBEBD9D0035B6B9 /* ProfilePageView.swift */; };
		B89FCFE52BBEBDAA0035B6B9 /* ImagePickerView.swift in Sources */ = {isa = PBXBuildFile; fileRef = B89FCFE42BBEBDAA0035B6B9 /* ImagePickerView.swift */; };
		B89FCFE72BBF0DD60035B6B9 /* AuthView.swift in Sources */ = {isa = PBXBuildFile; fileRef = B89FCFE62BBF0DD60035B6B9 /* AuthView.swift */; };
		B89FCFE92BBF0F770035B6B9 /* LoginView.swift in Sources */ = {isa = PBXBuildFile; fileRef = B89FCFE82BBF0F770035B6B9 /* LoginView.swift */; };
		B89FCFEB2BBF0F860035B6B9 /* RegisterView.swift in Sources */ = {isa = PBXBuildFile; fileRef = B89FCFEA2BBF0F860035B6B9 /* RegisterView.swift */; };
		B89FCFEF2BBF13640035B6B9 /* AuthService.swift in Sources */ = {isa = PBXBuildFile; fileRef = B89FCFEE2BBF13640035B6B9 /* AuthService.swift */; };
		B89FCFF32BBF3D050035B6B9 /* AuthViewModel.swift in Sources */ = {isa = PBXBuildFile; fileRef = B89FCFF22BBF3D050035B6B9 /* AuthViewModel.swift */; };
		B89FCFF52BC1A7170035B6B9 /* HomePageViewModel.swift in Sources */ = {isa = PBXBuildFile; fileRef = B89FCFF42BC1A7170035B6B9 /* HomePageViewModel.swift */; };
		B89FCFF72BC1A7270035B6B9 /* GiftsListView.swift in Sources */ = {isa = PBXBuildFile; fileRef = B89FCFF62BC1A7270035B6B9 /* GiftsListView.swift */; };
		B89FCFF92BC1A7630035B6B9 /* HomePageView.swift in Sources */ = {isa = PBXBuildFile; fileRef = B89FCFF82BC1A7630035B6B9 /* HomePageView.swift */; };
		B89FCFFB2BC52E260035B6B9 /* FavoritesViewModel.swift in Sources */ = {isa = PBXBuildFile; fileRef = B89FCFFA2BC52E260035B6B9 /* FavoritesViewModel.swift */; };
		B89FCFFD2BC531B00035B6B9 /* GiftModel.swift in Sources */ = {isa = PBXBuildFile; fileRef = B89FCFFC2BC531B00035B6B9 /* GiftModel.swift */; };
		B89FCFFF2BC531BD0035B6B9 /* LoginResponse.swift in Sources */ = {isa = PBXBuildFile; fileRef = B89FCFFE2BC531BD0035B6B9 /* LoginResponse.swift */; };
		B89FD0012BC531E30035B6B9 /* RegistrationResponse.swift in Sources */ = {isa = PBXBuildFile; fileRef = B89FD0002BC531E30035B6B9 /* RegistrationResponse.swift */; };
		B89FD0032BC5322F0035B6B9 /* GiftIdeasResponse.swift in Sources */ = {isa = PBXBuildFile; fileRef = B89FD0022BC5322F0035B6B9 /* GiftIdeasResponse.swift */; };
		B89FD0052BC5380C0035B6B9 /* FavoritesPageView.swift in Sources */ = {isa = PBXBuildFile; fileRef = B89FD0042BC5380C0035B6B9 /* FavoritesPageView.swift */; };
		B89FD0072BC5481E0035B6B9 /* FavoriteItem.swift in Sources */ = {isa = PBXBuildFile; fileRef = B89FD0062BC5481E0035B6B9 /* FavoriteItem.swift */; };
		B89FD0092BC56CA50035B6B9 /* FriendsPageView.swift in Sources */ = {isa = PBXBuildFile; fileRef = B89FD0082BC56CA50035B6B9 /* FriendsPageView.swift */; };
/* End PBXBuildFile section */

/* Begin PBXContainerItemProxy section */
		097E823B2C0E44EE003CD13C /* PBXContainerItemProxy */ = {
			isa = PBXContainerItemProxy;
			containerPortal = B89FCFC62BA8DE150035B6B9 /* Project object */;
			proxyType = 1;
			remoteGlobalIDString = B89FCFCD2BA8DE150035B6B9;
			remoteInfo = Kurs3;
		};
/* End PBXContainerItemProxy section */

/* Begin PBXFileReference section */
		097E82312C0E4091003CD13C /* FriendModel.swift */ = {isa = PBXFileReference; lastKnownFileType = sourcecode.swift; path = FriendModel.swift; sourceTree = "<group>"; };
		097E82372C0E44EE003CD13C /* Kurs3Tests.xctest */ = {isa = PBXFileReference; explicitFileType = wrapper.cfbundle; includeInIndex = 0; path = Kurs3Tests.xctest; sourceTree = BUILT_PRODUCTS_DIR; };
		097E82392C0E44EE003CD13C /* Kurs3Tests.swift */ = {isa = PBXFileReference; lastKnownFileType = sourcecode.swift; path = Kurs3Tests.swift; sourceTree = "<group>"; };
		B89FCFCE2BA8DE150035B6B9 /* Kurs3.app */ = {isa = PBXFileReference; explicitFileType = wrapper.application; includeInIndex = 0; path = Kurs3.app; sourceTree = BUILT_PRODUCTS_DIR; };
		B89FCFD12BA8DE150035B6B9 /* Kurs3App.swift */ = {isa = PBXFileReference; lastKnownFileType = sourcecode.swift; path = Kurs3App.swift; sourceTree = "<group>"; };
		B89FCFD32BA8DE150035B6B9 /* ContentView.swift */ = {isa = PBXFileReference; lastKnownFileType = sourcecode.swift; path = ContentView.swift; sourceTree = "<group>"; };
		B89FCFD52BA8DE170035B6B9 /* Assets.xcassets */ = {isa = PBXFileReference; lastKnownFileType = folder.assetcatalog; path = Assets.xcassets; sourceTree = "<group>"; };
		B89FCFD82BA8DE170035B6B9 /* Preview Assets.xcassets */ = {isa = PBXFileReference; lastKnownFileType = folder.assetcatalog; path = "Preview Assets.xcassets"; sourceTree = "<group>"; };
		B89FCFE22BBEBD9D0035B6B9 /* ProfilePageView.swift */ = {isa = PBXFileReference; lastKnownFileType = sourcecode.swift; path = ProfilePageView.swift; sourceTree = "<group>"; };
		B89FCFE42BBEBDAA0035B6B9 /* ImagePickerView.swift */ = {isa = PBXFileReference; lastKnownFileType = sourcecode.swift; path = ImagePickerView.swift; sourceTree = "<group>"; };
		B89FCFE62BBF0DD60035B6B9 /* AuthView.swift */ = {isa = PBXFileReference; lastKnownFileType = sourcecode.swift; path = AuthView.swift; sourceTree = "<group>"; };
		B89FCFE82BBF0F770035B6B9 /* LoginView.swift */ = {isa = PBXFileReference; lastKnownFileType = sourcecode.swift; path = LoginView.swift; sourceTree = "<group>"; };
		B89FCFEA2BBF0F860035B6B9 /* RegisterView.swift */ = {isa = PBXFileReference; lastKnownFileType = sourcecode.swift; path = RegisterView.swift; sourceTree = "<group>"; };
		B89FCFEE2BBF13640035B6B9 /* AuthService.swift */ = {isa = PBXFileReference; lastKnownFileType = sourcecode.swift; path = AuthService.swift; sourceTree = "<group>"; };
		B89FCFF22BBF3D050035B6B9 /* AuthViewModel.swift */ = {isa = PBXFileReference; lastKnownFileType = sourcecode.swift; path = AuthViewModel.swift; sourceTree = "<group>"; };
		B89FCFF42BC1A7170035B6B9 /* HomePageViewModel.swift */ = {isa = PBXFileReference; lastKnownFileType = sourcecode.swift; path = HomePageViewModel.swift; sourceTree = "<group>"; };
		B89FCFF62BC1A7270035B6B9 /* GiftsListView.swift */ = {isa = PBXFileReference; lastKnownFileType = sourcecode.swift; path = GiftsListView.swift; sourceTree = "<group>"; };
		B89FCFF82BC1A7630035B6B9 /* HomePageView.swift */ = {isa = PBXFileReference; lastKnownFileType = sourcecode.swift; path = HomePageView.swift; sourceTree = "<group>"; };
		B89FCFFA2BC52E260035B6B9 /* FavoritesViewModel.swift */ = {isa = PBXFileReference; lastKnownFileType = sourcecode.swift; path = FavoritesViewModel.swift; sourceTree = "<group>"; };
		B89FCFFC2BC531B00035B6B9 /* GiftModel.swift */ = {isa = PBXFileReference; lastKnownFileType = sourcecode.swift; path = GiftModel.swift; sourceTree = "<group>"; };
		B89FCFFE2BC531BD0035B6B9 /* LoginResponse.swift */ = {isa = PBXFileReference; lastKnownFileType = sourcecode.swift; path = LoginResponse.swift; sourceTree = "<group>"; };
		B89FD0002BC531E30035B6B9 /* RegistrationResponse.swift */ = {isa = PBXFileReference; lastKnownFileType = sourcecode.swift; path = RegistrationResponse.swift; sourceTree = "<group>"; };
		B89FD0022BC5322F0035B6B9 /* GiftIdeasResponse.swift */ = {isa = PBXFileReference; lastKnownFileType = sourcecode.swift; path = GiftIdeasResponse.swift; sourceTree = "<group>"; };
		B89FD0042BC5380C0035B6B9 /* FavoritesPageView.swift */ = {isa = PBXFileReference; lastKnownFileType = sourcecode.swift; path = FavoritesPageView.swift; sourceTree = "<group>"; };
		B89FD0062BC5481E0035B6B9 /* FavoriteItem.swift */ = {isa = PBXFileReference; lastKnownFileType = sourcecode.swift; path = FavoriteItem.swift; sourceTree = "<group>"; };
		B89FD0082BC56CA50035B6B9 /* FriendsPageView.swift */ = {isa = PBXFileReference; lastKnownFileType = sourcecode.swift; path = FriendsPageView.swift; sourceTree = "<group>"; };
/* End PBXFileReference section */

/* Begin PBXFrameworksBuildPhase section */
		097E82342C0E44EE003CD13C /* Frameworks */ = {
			isa = PBXFrameworksBuildPhase;
			buildActionMask = 2147483647;
			files = (
			);
			runOnlyForDeploymentPostprocessing = 0;
		};
		B89FCFCB2BA8DE150035B6B9 /* Frameworks */ = {
			isa = PBXFrameworksBuildPhase;
			buildActionMask = 2147483647;
			files = (
			);
			runOnlyForDeploymentPostprocessing = 0;
		};
/* End PBXFrameworksBuildPhase section */

/* Begin PBXGroup section */
		097E822E2C0E3FC7003CD13C /* Model */ = {
			isa = PBXGroup;
			children = (
				B89FD0062BC5481E0035B6B9 /* FavoriteItem.swift */,
				B89FD0022BC5322F0035B6B9 /* GiftIdeasResponse.swift */,
				097E82312C0E4091003CD13C /* FriendModel.swift */,
				B89FD0002BC531E30035B6B9 /* RegistrationResponse.swift */,
				B89FCFFE2BC531BD0035B6B9 /* LoginResponse.swift */,
				B89FCFFC2BC531B00035B6B9 /* GiftModel.swift */,
			);
			path = Model;
			sourceTree = "<group>";
		};
		097E822F2C0E3FD1003CD13C /* View */ = {
			isa = PBXGroup;
			children = (
				B89FCFF82BC1A7630035B6B9 /* HomePageView.swift */,
				B89FCFD32BA8DE150035B6B9 /* ContentView.swift */,
				B89FD0082BC56CA50035B6B9 /* FriendsPageView.swift */,
				B89FD0042BC5380C0035B6B9 /* FavoritesPageView.swift */,
				B89FCFF62BC1A7270035B6B9 /* GiftsListView.swift */,
				B89FCFE22BBEBD9D0035B6B9 /* ProfilePageView.swift */,
				B89FCFE42BBEBDAA0035B6B9 /* ImagePickerView.swift */,
				B89FCFE62BBF0DD60035B6B9 /* AuthView.swift */,
				B89FCFE82BBF0F770035B6B9 /* LoginView.swift */,
				B89FCFEA2BBF0F860035B6B9 /* RegisterView.swift */,
			);
			path = View;
			sourceTree = "<group>";
		};
		097E82302C0E3FD6003CD13C /* ViewModel */ = {
			isa = PBXGroup;
			children = (
				B89FCFFA2BC52E260035B6B9 /* FavoritesViewModel.swift */,
				B89FCFF42BC1A7170035B6B9 /* HomePageViewModel.swift */,
				B89FCFF22BBF3D050035B6B9 /* AuthViewModel.swift */,
			);
			path = ViewModel;
			sourceTree = "<group>";
		};
		097E82382C0E44EE003CD13C /* Kurs3Tests */ = {
			isa = PBXGroup;
			children = (
				097E82392C0E44EE003CD13C /* Kurs3Tests.swift */,
			);
			path = Kurs3Tests;
			sourceTree = "<group>";
		};
		B89FCFC52BA8DE150035B6B9 = {
			isa = PBXGroup;
			children = (
				B89FCFD02BA8DE150035B6B9 /* Kurs3 */,
				097E82382C0E44EE003CD13C /* Kurs3Tests */,
				B89FCFCF2BA8DE150035B6B9 /* Products */,
			);
			sourceTree = "<group>";
		};
		B89FCFCF2BA8DE150035B6B9 /* Products */ = {
			isa = PBXGroup;
			children = (
				B89FCFCE2BA8DE150035B6B9 /* Kurs3.app */,
				097E82372C0E44EE003CD13C /* Kurs3Tests.xctest */,
			);
			name = Products;
			sourceTree = "<group>";
		};
		B89FCFD02BA8DE150035B6B9 /* Kurs3 */ = {
			isa = PBXGroup;
			children = (
				097E82302C0E3FD6003CD13C /* ViewModel */,
				097E822F2C0E3FD1003CD13C /* View */,
				097E822E2C0E3FC7003CD13C /* Model */,
				B89FCFD12BA8DE150035B6B9 /* Kurs3App.swift */,
				B89FCFD52BA8DE170035B6B9 /* Assets.xcassets */,
				B89FCFD72BA8DE170035B6B9 /* Preview Content */,
				B89FCFEE2BBF13640035B6B9 /* AuthService.swift */,
			);
			path = Kurs3;
			sourceTree = "<group>";
		};
		B89FCFD72BA8DE170035B6B9 /* Preview Content */ = {
			isa = PBXGroup;
			children = (
				B89FCFD82BA8DE170035B6B9 /* Preview Assets.xcassets */,
			);
			path = "Preview Content";
			sourceTree = "<group>";
		};
/* End PBXGroup section */

/* Begin PBXNativeTarget section */
		097E82362C0E44EE003CD13C /* Kurs3Tests */ = {
			isa = PBXNativeTarget;
			buildConfigurationList = 097E823D2C0E44EE003CD13C /* Build configuration list for PBXNativeTarget "Kurs3Tests" */;
			buildPhases = (
				097E82332C0E44EE003CD13C /* Sources */,
				097E82342C0E44EE003CD13C /* Frameworks */,
				097E82352C0E44EE003CD13C /* Resources */,
			);
			buildRules = (
			);
			dependencies = (
				097E823C2C0E44EE003CD13C /* PBXTargetDependency */,
			);
			name = Kurs3Tests;
			productName = Kurs3Tests;
			productReference = 097E82372C0E44EE003CD13C /* Kurs3Tests.xctest */;
			productType = "com.apple.product-type.bundle.unit-test";
		};
		B89FCFCD2BA8DE150035B6B9 /* Kurs3 */ = {
			isa = PBXNativeTarget;
			buildConfigurationList = B89FCFDC2BA8DE170035B6B9 /* Build configuration list for PBXNativeTarget "Kurs3" */;
			buildPhases = (
				B89FCFCA2BA8DE150035B6B9 /* Sources */,
				B89FCFCB2BA8DE150035B6B9 /* Frameworks */,
				B89FCFCC2BA8DE150035B6B9 /* Resources */,
			);
			buildRules = (
			);
			dependencies = (
			);
			name = Kurs3;
			productName = Kurs3;
			productReference = B89FCFCE2BA8DE150035B6B9 /* Kurs3.app */;
			productType = "com.apple.product-type.application";
		};
/* End PBXNativeTarget section */

/* Begin PBXProject section */
		B89FCFC62BA8DE150035B6B9 /* Project object */ = {
			isa = PBXProject;
			attributes = {
				BuildIndependentTargetsInParallel = 1;
				LastSwiftUpdateCheck = 1530;
				LastUpgradeCheck = 1530;
				TargetAttributes = {
					097E82362C0E44EE003CD13C = {
						CreatedOnToolsVersion = 15.3;
						TestTargetID = B89FCFCD2BA8DE150035B6B9;
					};
					B89FCFCD2BA8DE150035B6B9 = {
						CreatedOnToolsVersion = 15.3;
					};
				};
			};
			buildConfigurationList = B89FCFC92BA8DE150035B6B9 /* Build configuration list for PBXProject "Kurs3" */;
			compatibilityVersion = "Xcode 14.0";
			developmentRegion = en;
			hasScannedForEncodings = 0;
			knownRegions = (
				en,
				Base,
			);
			mainGroup = B89FCFC52BA8DE150035B6B9;
			productRefGroup = B89FCFCF2BA8DE150035B6B9 /* Products */;
			projectDirPath = "";
			projectRoot = "";
			targets = (
				B89FCFCD2BA8DE150035B6B9 /* Kurs3 */,
				097E82362C0E44EE003CD13C /* Kurs3Tests */,
			);
		};
/* End PBXProject section */

/* Begin PBXResourcesBuildPhase section */
		097E82352C0E44EE003CD13C /* Resources */ = {
			isa = PBXResourcesBuildPhase;
			buildActionMask = 2147483647;
			files = (
			);
			runOnlyForDeploymentPostprocessing = 0;
		};
		B89FCFCC2BA8DE150035B6B9 /* Resources */ = {
			isa = PBXResourcesBuildPhase;
			buildActionMask = 2147483647;
			files = (
				B89FCFD92BA8DE170035B6B9 /* Preview Assets.xcassets in Resources */,
				B89FCFD62BA8DE170035B6B9 /* Assets.xcassets in Resources */,
			);
			runOnlyForDeploymentPostprocessing = 0;
		};
/* End PBXResourcesBuildPhase section */

/* Begin PBXSourcesBuildPhase section */
		097E82332C0E44EE003CD13C /* Sources */ = {
			isa = PBXSourcesBuildPhase;
			buildActionMask = 2147483647;
			files = (
				097E823A2C0E44EE003CD13C /* Kurs3Tests.swift in Sources */,
			);
			runOnlyForDeploymentPostprocessing = 0;
		};
		B89FCFCA2BA8DE150035B6B9 /* Sources */ = {
			isa = PBXSourcesBuildPhase;
			buildActionMask = 2147483647;
			files = (
				B89FCFE92BBF0F770035B6B9 /* LoginView.swift in Sources */,
				097E82322C0E4091003CD13C /* FriendModel.swift in Sources */,
				B89FCFE52BBEBDAA0035B6B9 /* ImagePickerView.swift in Sources */,
				B89FCFE72BBF0DD60035B6B9 /* AuthView.swift in Sources */,
				B89FCFEB2BBF0F860035B6B9 /* RegisterView.swift in Sources */,
				B89FD0092BC56CA50035B6B9 /* FriendsPageView.swift in Sources */,
				B89FCFF72BC1A7270035B6B9 /* GiftsListView.swift in Sources */,
				B89FCFF52BC1A7170035B6B9 /* HomePageViewModel.swift in Sources */,
				B89FCFE32BBEBD9D0035B6B9 /* ProfilePageView.swift in Sources */,
				B89FCFFD2BC531B00035B6B9 /* GiftModel.swift in Sources */,
				B89FCFF92BC1A7630035B6B9 /* HomePageView.swift in Sources */,
				B89FCFD42BA8DE150035B6B9 /* ContentView.swift in Sources */,
				B89FD0032BC5322F0035B6B9 /* GiftIdeasResponse.swift in Sources */,
				B89FCFD22BA8DE150035B6B9 /* Kurs3App.swift in Sources */,
				B89FD0052BC5380C0035B6B9 /* FavoritesPageView.swift in Sources */,
				B89FCFEF2BBF13640035B6B9 /* AuthService.swift in Sources */,
				B89FCFF32BBF3D050035B6B9 /* AuthViewModel.swift in Sources */,
				B89FCFFB2BC52E260035B6B9 /* FavoritesViewModel.swift in Sources */,
				B89FCFFF2BC531BD0035B6B9 /* LoginResponse.swift in Sources */,
				B89FD0072BC5481E0035B6B9 /* FavoriteItem.swift in Sources */,
				B89FD0012BC531E30035B6B9 /* RegistrationResponse.swift in Sources */,
			);
			runOnlyForDeploymentPostprocessing = 0;
		};
/* End PBXSourcesBuildPhase section */

/* Begin PBXTargetDependency section */
		097E823C2C0E44EE003CD13C /* PBXTargetDependency */ = {
			isa = PBXTargetDependency;
			target = B89FCFCD2BA8DE150035B6B9 /* Kurs3 */;
			targetProxy = 097E823B2C0E44EE003CD13C /* PBXContainerItemProxy */;
		};
/* End PBXTargetDependency section */

/* Begin XCBuildConfiguration section */
		097E823E2C0E44EE003CD13C /* Debug */ = {
			isa = XCBuildConfiguration;
			buildSettings = {
				BUNDLE_LOADER = "$(TEST_HOST)";
				CODE_SIGN_STYLE = Automatic;
				CURRENT_PROJECT_VERSION = 1;
				DEVELOPMENT_TEAM = AZ4UFHPF3C;
				GENERATE_INFOPLIST_FILE = YES;
				MARKETING_VERSION = 1.0;
				PRODUCT_BUNDLE_IDENTIFIER = malachite.Kurs3Tests;
				PRODUCT_NAME = "$(TARGET_NAME)";
				SWIFT_EMIT_LOC_STRINGS = NO;
				SWIFT_VERSION = 5.0;
				TARGETED_DEVICE_FAMILY = "1,2";
				TEST_HOST = "$(BUILT_PRODUCTS_DIR)/Kurs3.app/$(BUNDLE_EXECUTABLE_FOLDER_PATH)/Kurs3";
			};
			name = Debug;
		};
		097E823F2C0E44EE003CD13C /* Release */ = {
			isa = XCBuildConfiguration;
			buildSettings = {
				BUNDLE_LOADER = "$(TEST_HOST)";
				CODE_SIGN_STYLE = Automatic;
				CURRENT_PROJECT_VERSION = 1;
				DEVELOPMENT_TEAM = AZ4UFHPF3C;
				GENERATE_INFOPLIST_FILE = YES;
				MARKETING_VERSION = 1.0;
				PRODUCT_BUNDLE_IDENTIFIER = malachite.Kurs3Tests;
				PRODUCT_NAME = "$(TARGET_NAME)";
				SWIFT_EMIT_LOC_STRINGS = NO;
				SWIFT_VERSION = 5.0;
				TARGETED_DEVICE_FAMILY = "1,2";
				TEST_HOST = "$(BUILT_PRODUCTS_DIR)/Kurs3.app/$(BUNDLE_EXECUTABLE_FOLDER_PATH)/Kurs3";
			};
			name = Release;
		};
		B89FCFDA2BA8DE170035B6B9 /* Debug */ = {
			isa = XCBuildConfiguration;
			buildSettings = {
				ALWAYS_SEARCH_USER_PATHS = NO;
				ASSETCATALOG_COMPILER_GENERATE_SWIFT_ASSET_SYMBOL_EXTENSIONS = YES;
				CLANG_ANALYZER_NONNULL = YES;
				CLANG_ANALYZER_NUMBER_OBJECT_CONVERSION = YES_AGGRESSIVE;
				CLANG_CXX_LANGUAGE_STANDARD = "gnu++20";
				CLANG_ENABLE_MODULES = YES;
				CLANG_ENABLE_OBJC_ARC = YES;
				CLANG_ENABLE_OBJC_WEAK = YES;
				CLANG_WARN_BLOCK_CAPTURE_AUTORELEASING = YES;
				CLANG_WARN_BOOL_CONVERSION = YES;
				CLANG_WARN_COMMA = YES;
				CLANG_WARN_CONSTANT_CONVERSION = YES;
				CLANG_WARN_DEPRECATED_OBJC_IMPLEMENTATIONS = YES;
				CLANG_WARN_DIRECT_OBJC_ISA_USAGE = YES_ERROR;
				CLANG_WARN_DOCUMENTATION_COMMENTS = YES;
				CLANG_WARN_EMPTY_BODY = YES;
				CLANG_WARN_ENUM_CONVERSION = YES;
				CLANG_WARN_INFINITE_RECURSION = YES;
				CLANG_WARN_INT_CONVERSION = YES;
				CLANG_WARN_NON_LITERAL_NULL_CONVERSION = YES;
				CLANG_WARN_OBJC_IMPLICIT_RETAIN_SELF = YES;
				CLANG_WARN_OBJC_LITERAL_CONVERSION = YES;
				CLANG_WARN_OBJC_ROOT_CLASS = YES_ERROR;
				CLANG_WARN_QUOTED_INCLUDE_IN_FRAMEWORK_HEADER = YES;
				CLANG_WARN_RANGE_LOOP_ANALYSIS = YES;
				CLANG_WARN_STRICT_PROTOTYPES = YES;
				CLANG_WARN_SUSPICIOUS_MOVE = YES;
				CLANG_WARN_UNGUARDED_AVAILABILITY = YES_AGGRESSIVE;
				CLANG_WARN_UNREACHABLE_CODE = YES;
				CLANG_WARN__DUPLICATE_METHOD_MATCH = YES;
				COPY_PHASE_STRIP = NO;
				DEBUG_INFORMATION_FORMAT = dwarf;
				ENABLE_STRICT_OBJC_MSGSEND = YES;
				ENABLE_TESTABILITY = YES;
				ENABLE_USER_SCRIPT_SANDBOXING = YES;
				GCC_C_LANGUAGE_STANDARD = gnu17;
				GCC_DYNAMIC_NO_PIC = NO;
				GCC_NO_COMMON_BLOCKS = YES;
				GCC_OPTIMIZATION_LEVEL = 0;
				GCC_PREPROCESSOR_DEFINITIONS = (
					"DEBUG=1",
					"$(inherited)",
				);
				GCC_WARN_64_TO_32_BIT_CONVERSION = YES;
				GCC_WARN_ABOUT_RETURN_TYPE = YES_ERROR;
				GCC_WARN_UNDECLARED_SELECTOR = YES;
				GCC_WARN_UNINITIALIZED_AUTOS = YES_AGGRESSIVE;
				GCC_WARN_UNUSED_FUNCTION = YES;
				GCC_WARN_UNUSED_VARIABLE = YES;
				IPHONEOS_DEPLOYMENT_TARGET = 17.4;
				LOCALIZATION_PREFERS_STRING_CATALOGS = YES;
				MTL_ENABLE_DEBUG_INFO = INCLUDE_SOURCE;
				MTL_FAST_MATH = YES;
				ONLY_ACTIVE_ARCH = YES;
				SDKROOT = iphoneos;
				SWIFT_ACTIVE_COMPILATION_CONDITIONS = "DEBUG $(inherited)";
				SWIFT_OPTIMIZATION_LEVEL = "-Onone";
			};
			name = Debug;
		};
		B89FCFDB2BA8DE170035B6B9 /* Release */ = {
			isa = XCBuildConfiguration;
			buildSettings = {
				ALWAYS_SEARCH_USER_PATHS = NO;
				ASSETCATALOG_COMPILER_GENERATE_SWIFT_ASSET_SYMBOL_EXTENSIONS = YES;
				CLANG_ANALYZER_NONNULL = YES;
				CLANG_ANALYZER_NUMBER_OBJECT_CONVERSION = YES_AGGRESSIVE;
				CLANG_CXX_LANGUAGE_STANDARD = "gnu++20";
				CLANG_ENABLE_MODULES = YES;
				CLANG_ENABLE_OBJC_ARC = YES;
				CLANG_ENABLE_OBJC_WEAK = YES;
				CLANG_WARN_BLOCK_CAPTURE_AUTORELEASING = YES;
				CLANG_WARN_BOOL_CONVERSION = YES;
				CLANG_WARN_COMMA = YES;
				CLANG_WARN_CONSTANT_CONVERSION = YES;
				CLANG_WARN_DEPRECATED_OBJC_IMPLEMENTATIONS = YES;
				CLANG_WARN_DIRECT_OBJC_ISA_USAGE = YES_ERROR;
				CLANG_WARN_DOCUMENTATION_COMMENTS = YES;
				CLANG_WARN_EMPTY_BODY = YES;
				CLANG_WARN_ENUM_CONVERSION = YES;
				CLANG_WARN_INFINITE_RECURSION = YES;
				CLANG_WARN_INT_CONVERSION = YES;
				CLANG_WARN_NON_LITERAL_NULL_CONVERSION = YES;
				CLANG_WARN_OBJC_IMPLICIT_RETAIN_SELF = YES;
				CLANG_WARN_OBJC_LITERAL_CONVERSION = YES;
				CLANG_WARN_OBJC_ROOT_CLASS = YES_ERROR;
				CLANG_WARN_QUOTED_INCLUDE_IN_FRAMEWORK_HEADER = YES;
				CLANG_WARN_RANGE_LOOP_ANALYSIS = YES;
				CLANG_WARN_STRICT_PROTOTYPES = YES;
				CLANG_WARN_SUSPICIOUS_MOVE = YES;
				CLANG_WARN_UNGUARDED_AVAILABILITY = YES_AGGRESSIVE;
				CLANG_WARN_UNREACHABLE_CODE = YES;
				CLANG_WARN__DUPLICATE_METHOD_MATCH = YES;
				COPY_PHASE_STRIP = NO;
				DEBUG_INFORMATION_FORMAT = "dwarf-with-dsym";
				ENABLE_NS_ASSERTIONS = NO;
				ENABLE_STRICT_OBJC_MSGSEND = YES;
				ENABLE_USER_SCRIPT_SANDBOXING = YES;
				GCC_C_LANGUAGE_STANDARD = gnu17;
				GCC_NO_COMMON_BLOCKS = YES;
				GCC_WARN_64_TO_32_BIT_CONVERSION = YES;
				GCC_WARN_ABOUT_RETURN_TYPE = YES_ERROR;
				GCC_WARN_UNDECLARED_SELECTOR = YES;
				GCC_WARN_UNINITIALIZED_AUTOS = YES_AGGRESSIVE;
				GCC_WARN_UNUSED_FUNCTION = YES;
				GCC_WARN_UNUSED_VARIABLE = YES;
				IPHONEOS_DEPLOYMENT_TARGET = 17.4;
				LOCALIZATION_PREFERS_STRING_CATALOGS = YES;
				MTL_ENABLE_DEBUG_INFO = NO;
				MTL_FAST_MATH = YES;
				SDKROOT = iphoneos;
				SWIFT_COMPILATION_MODE = wholemodule;
				VALIDATE_PRODUCT = YES;
			};
			name = Release;
		};
		B89FCFDD2BA8DE170035B6B9 /* Debug */ = {
			isa = XCBuildConfiguration;
			buildSettings = {
				ASSETCATALOG_COMPILER_APPICON_NAME = AppIcon;
				ASSETCATALOG_COMPILER_GLOBAL_ACCENT_COLOR_NAME = AccentColor;
				CODE_SIGN_STYLE = Automatic;
				CURRENT_PROJECT_VERSION = 1;
				DEVELOPMENT_ASSET_PATHS = "\"Kurs3/Preview Content\"";
				DEVELOPMENT_TEAM = ZN3X5CF4Y8;
				ENABLE_PREVIEWS = YES;
				GENERATE_INFOPLIST_FILE = YES;
				INFOPLIST_KEY_UIApplicationSceneManifest_Generation = YES;
				INFOPLIST_KEY_UIApplicationSupportsIndirectInputEvents = YES;
				INFOPLIST_KEY_UILaunchScreen_Generation = YES;
				INFOPLIST_KEY_UISupportedInterfaceOrientations_iPad = "UIInterfaceOrientationPortrait UIInterfaceOrientationPortraitUpsideDown UIInterfaceOrientationLandscapeLeft UIInterfaceOrientationLandscapeRight";
				INFOPLIST_KEY_UISupportedInterfaceOrientations_iPhone = "UIInterfaceOrientationPortrait UIInterfaceOrientationLandscapeLeft UIInterfaceOrientationLandscapeRight";
				LD_RUNPATH_SEARCH_PATHS = (
					"$(inherited)",
					"@executable_path/Frameworks",
				);
				MARKETING_VERSION = 1.0;
				PRODUCT_BUNDLE_IDENTIFIER = "cs-hse.Kurs3";
				PRODUCT_NAME = "$(TARGET_NAME)";
				SWIFT_EMIT_LOC_STRINGS = YES;
				SWIFT_VERSION = 5.0;
				TARGETED_DEVICE_FAMILY = "1,2";
			};
			name = Debug;
		};
		B89FCFDE2BA8DE170035B6B9 /* Release */ = {
			isa = XCBuildConfiguration;
			buildSettings = {
				ASSETCATALOG_COMPILER_APPICON_NAME = AppIcon;
				ASSETCATALOG_COMPILER_GLOBAL_ACCENT_COLOR_NAME = AccentColor;
				CODE_SIGN_STYLE = Automatic;
				CURRENT_PROJECT_VERSION = 1;
				DEVELOPMENT_ASSET_PATHS = "\"Kurs3/Preview Content\"";
				DEVELOPMENT_TEAM = ZN3X5CF4Y8;
				ENABLE_PREVIEWS = YES;
				GENERATE_INFOPLIST_FILE = YES;
				INFOPLIST_KEY_UIApplicationSceneManifest_Generation = YES;
				INFOPLIST_KEY_UIApplicationSupportsIndirectInputEvents = YES;
				INFOPLIST_KEY_UILaunchScreen_Generation = YES;
				INFOPLIST_KEY_UISupportedInterfaceOrientations_iPad = "UIInterfaceOrientationPortrait UIInterfaceOrientationPortraitUpsideDown UIInterfaceOrientationLandscapeLeft UIInterfaceOrientationLandscapeRight";
				INFOPLIST_KEY_UISupportedInterfaceOrientations_iPhone = "UIInterfaceOrientationPortrait UIInterfaceOrientationLandscapeLeft UIInterfaceOrientationLandscapeRight";
				LD_RUNPATH_SEARCH_PATHS = (
					"$(inherited)",
					"@executable_path/Frameworks",
				);
				MARKETING_VERSION = 1.0;
				PRODUCT_BUNDLE_IDENTIFIER = "cs-hse.Kurs3";
				PRODUCT_NAME = "$(TARGET_NAME)";
				SWIFT_EMIT_LOC_STRINGS = YES;
				SWIFT_VERSION = 5.0;
				TARGETED_DEVICE_FAMILY = "1,2";
			};
			name = Release;
		};
/* End XCBuildConfiguration section */

/* Begin XCConfigurationList section */
		097E823D2C0E44EE003CD13C /* Build configuration list for PBXNativeTarget "Kurs3Tests" */ = {
			isa = XCConfigurationList;
			buildConfigurations = (
				097E823E2C0E44EE003CD13C /* Debug */,
				097E823F2C0E44EE003CD13C /* Release */,
			);
			defaultConfigurationIsVisible = 0;
			defaultConfigurationName = Release;
		};
		B89FCFC92BA8DE150035B6B9 /* Build configuration list for PBXProject "Kurs3" */ = {
			isa = XCConfigurationList;
			buildConfigurations = (
				B89FCFDA2BA8DE170035B6B9 /* Debug */,
				B89FCFDB2BA8DE170035B6B9 /* Release */,
			);
			defaultConfigurationIsVisible = 0;
			defaultConfigurationName = Release;
		};
		B89FCFDC2BA8DE170035B6B9 /* Build configuration list for PBXNativeTarget "Kurs3" */ = {
			isa = XCConfigurationList;
			buildConfigurations = (
				B89FCFDD2BA8DE170035B6B9 /* Debug */,
				B89FCFDE2BA8DE170035B6B9 /* Release */,
			);
			defaultConfigurationIsVisible = 0;
			defaultConfigurationName = Release;
		};
/* End XCConfigurationList section */
	};
	rootObject = B89FCFC62BA8DE150035B6B9 /* Project object */;
}
